// !$*UTF8*$!
{
	archiveVersion = 1;
	classes = {
	};
	objectVersion = 46;
	objects = {

/* Begin PBXBuildFile section */
		8FD973D61EAF0685001E618A /* AppDelegate.swift in Sources */ = {isa = PBXBuildFile; fileRef = 8FD973D51EAF0685001E618A /* AppDelegate.swift */; };
		8FD973D81EAF0685001E618A /* ViewController.swift in Sources */ = {isa = PBXBuildFile; fileRef = 8FD973D71EAF0685001E618A /* ViewController.swift */; };
		8FD973DB1EAF0685001E618A /* Main.storyboard in Resources */ = {isa = PBXBuildFile; fileRef = 8FD973D91EAF0685001E618A /* Main.storyboard */; };
		8FD973DD1EAF0685001E618A /* Assets.xcassets in Resources */ = {isa = PBXBuildFile; fileRef = 8FD973DC1EAF0685001E618A /* Assets.xcassets */; };
		8FD973E01EAF0685001E618A /* LaunchScreen.storyboard in Resources */ = {isa = PBXBuildFile; fileRef = 8FD973DE1EAF0685001E618A /* LaunchScreen.storyboard */; };
/* End PBXBuildFile section */

/* Begin PBXFileReference section */
		8FD973D21EAF0685001E618A /* LTNavigationBar-Demo.app */ = {isa = PBXFileReference; explicitFileType = wrapper.application; includeInIndex = 0; path = "LTNavigationBar-Demo.app"; sourceTree = BUILT_PRODUCTS_DIR; };
		8FD973D51EAF0685001E618A /* AppDelegate.swift */ = {isa = PBXFileReference; lastKnownFileType = sourcecode.swift; path = AppDelegate.swift; sourceTree = "<group>"; };
		8FD973D71EAF0685001E618A /* ViewController.swift */ = {isa = PBXFileReference; lastKnownFileType = sourcecode.swift; path = ViewController.swift; sourceTree = "<group>"; };
		8FD973DA1EAF0685001E618A /* Base */ = {isa = PBXFileReference; lastKnownFileType = file.storyboard; name = Base; path = Base.lproj/Main.storyboard; sourceTree = "<group>"; };
		8FD973DC1EAF0685001E618A /* Assets.xcassets */ = {isa = PBXFileReference; lastKnownFileType = folder.assetcatalog; path = Assets.xcassets; sourceTree = "<group>"; };
		8FD973DF1EAF0685001E618A /* Base */ = {isa = PBXFileReference; lastKnownFileType = file.storyboard; name = Base; path = Base.lproj/LaunchScreen.storyboard; sourceTree = "<group>"; };
		8FD973E11EAF0685001E618A /* Info.plist */ = {isa = PBXFileReference; lastKnownFileType = text.plist.xml; path = Info.plist; sourceTree = "<group>"; };
/* End PBXFileReference section */

/* Begin PBXFrameworksBuildPhase section */
		8FD973CF1EAF0685001E618A /* Frameworks */ = {
			isa = PBXFrameworksBuildPhase;
			buildActionMask = 2147483647;
			files = (
			);
			runOnlyForDeploymentPostprocessing = 0;
		};
/* End PBXFrameworksBuildPhase section */

/* Begin PBXGroup section */
		8FD973C91EAF0685001E618A = {
			isa = PBXGroup;
			children = (
				8FD973D41EAF0685001E618A /* LTNavigationBar-Demo */,
				8FD973D31EAF0685001E618A /* Products */,
			);
			sourceTree = "<group>";
		};
		8FD973D31EAF0685001E618A /* Products */ = {
			isa = PBXGroup;
			children = (
				8FD973D21EAF0685001E618A /* LTNavigationBar-Demo.app */,
			);
			name = Products;
			sourceTree = "<group>";
		};
		8FD973D41EAF0685001E618A /* LTNavigationBar-Demo */ = {
			isa = PBXGroup;
			children = (
				8FD973D51EAF0685001E618A /* AppDelegate.swift */,
				8FD973D71EAF0685001E618A /* ViewController.swift */,
				8FD973D91EAF0685001E618A /* Main.storyboard */,
				8FD973DC1EAF0685001E618A /* Assets.xcassets */,
				8FD973DE1EAF0685001E618A /* LaunchScreen.storyboard */,
				8FD973E11EAF0685001E618A /* Info.plist */,
			);
			path = "LTNavigationBar-Demo";
			sourceTree = "<group>";
		};
/* End PBXGroup section */

/* Begin PBXNativeTarget section */
		8FD973D11EAF0685001E618A /* LTNavigationBar-Demo */ = {
			isa = PBXNativeTarget;
			buildConfigurationList = 8FD973E41EAF0685001E618A /* Build configuration list for PBXNativeTarget "LTNavigationBar-Demo" */;
			buildPhases = (
				8FD973CE1EAF0685001E618A /* Sources */,
				8FD973CF1EAF0685001E618A /* Frameworks */,
				8FD973D01EAF0685001E618A /* Resources */,
			);
			buildRules = (
			);
			dependencies = (
			);
			name = "LTNavigationBar-Demo";
			productName = "LTNavigationBar-Demo";
			productReference = 8FD973D21EAF0685001E618A /* LTNavigationBar-Demo.app */;
			productType = "com.apple.product-type.application";
		};
/* End PBXNativeTarget section */

/* Begin PBXProject section */
		8FD973CA1EAF0685001E618A /* Project object */ = {
			isa = PBXProject;
			attributes = {
				LastSwiftUpdateCheck = 0830;
				LastUpgradeCheck = 0830;
				ORGANIZATIONNAME = "Anirudha Mahale";
				TargetAttributes = {
					8FD973D11EAF0685001E618A = {
						CreatedOnToolsVersion = 8.3.1;
						ProvisioningStyle = Automatic;
					};
				};
			};
			buildConfigurationList = 8FD973CD1EAF0685001E618A /* Build configuration list for PBXProject "LTNavigationBar-Demo" */;
			compatibilityVersion = "Xcode 3.2";
			developmentRegion = English;
			hasScannedForEncodings = 0;
			knownRegions = (
				en,
				Base,
			);
			mainGroup = 8FD973C91EAF0685001E618A;
			productRefGroup = 8FD973D31EAF0685001E618A /* Products */;
			projectDirPath = "";
			projectRoot = "";
			targets = (
				8FD973D11EAF0685001E618A /* LTNavigationBar-Demo */,
			);
		};
/* End PBXProject section */

/* Begin PBXResourcesBuildPhase section */
		8FD973D01EAF0685001E618A /* Resources */ = {
			isa = PBXResourcesBuildPhase;
			buildActionMask = 2147483647;
			files = (
				8FD973E01EAF0685001E618A /* LaunchScreen.storyboard in Resources */,
				8FD973DD1EAF0685001E618A /* Assets.xcassets in Resources */,
				8FD973DB1EAF0685001E618A /* Main.storyboard in Resources */,
			);
			runOnlyForDeploymentPostprocessing = 0;
		};
/* End PBXResourcesBuildPhase section */

/* Begin PBXSourcesBuildPhase section */
		8FD973CE1EAF0685001E618A /* Sources */ = {
			isa = PBXSourcesBuildPhase;
			buildActionMask = 2147483647;
			files = (
				8FD973D81EAF0685001E618A /* ViewController.swift in Sources */,
				8FD973D61EAF0685001E618A /* AppDelegate.swift in Sources */,
			);
			runOnlyForDeploymentPostprocessing = 0;
		};
/* End PBXSourcesBuildPhase section */

/* Begin PBXVariantGroup section */
		8FD973D91EAF0685001E618A /* Main.storyboard */ = {
			isa = PBXVariantGroup;
			children = (
				8FD973DA1EAF0685001E618A /* Base */,
			);
			name = Main.storyboard;
			sourceTree = "<group>";
		};
		8FD973DE1EAF0685001E618A /* LaunchScreen.storyboard */ = {
			isa = PBXVariantGroup;
			children = (
				8FD973DF1EAF0685001E618A /* Base */,
			);
			name = LaunchScreen.storyboard;
			sourceTree = "<group>";
		};
/* End PBXVariantGroup section */

/* Begin XCBuildConfiguration section */
		8FD973E21EAF0685001E618A /* Debug */ = {
			isa = XCBuildConfiguration;
			buildSettings = {
				ALWAYS_SEARCH_USER_PATHS = NO;
				CLANG_ANALYZER_NONNULL = YES;
				CLANG_ANALYZER_NUMBER_OBJECT_CONVERSION = YES_AGGRESSIVE;
				CLANG_CXX_LANGUAGE_STANDARD = "gnu++0x";
				CLANG_CXX_LIBRARY = "libc++";
				CLANG_ENABLE_MODULES = YES;
				CLANG_ENABLE_OBJC_ARC = YES;
				CLANG_WARN_BOOL_CONVERSION = YES;
				CLANG_WARN_CONSTANT_CONVERSION = YES;
				CLANG_WARN_DIRECT_OBJC_ISA_USAGE = YES_ERROR;
				CLANG_WARN_DOCUMENTATION_COMMENTS = YES;
				CLANG_WARN_EMPTY_BODY = YES;
				CLANG_WARN_ENUM_CONVERSION = YES;
				CLANG_WARN_INFINITE_RECURSION = YES;
				CLANG_WARN_INT_CONVERSION = YES;
				CLANG_WARN_OBJC_ROOT_CLASS = YES_ERROR;
				CLANG_WARN_SUSPICIOUS_MOVE = YES;
				CLANG_WARN_UNREACHABLE_CODE = YES;
				CLANG_WARN__DUPLICATE_METHOD_MATCH = YES;
				"CODE_SIGN_IDENTITY[sdk=iphoneos*]" = "iPhone Developer";
				COPY_PHASE_STRIP = NO;
				DEBUG_INFORMATION_FORMAT = dwarf;
				ENABLE_STRICT_OBJC_MSGSEND = YES;
				ENABLE_TESTABILITY = YES;
				GCC_C_LANGUAGE_STANDARD = gnu99;
				GCC_DYNAMIC_NO_PIC = NO;
				GCC_NO_COMMON_BLOCKS = YES;
				GCC_OPTIMIZATION_LEVEL = 0;
				GCC_PREPROCESSOR_DEFINITIONS = (
					"DEBUG=1",
					"$(inherited)",
				);
				GCC_WARN_64_TO_32_BIT_CONVERSION = YES;
				GCC_WARN_ABOUT_RETURN_TYPE = YES_ERROR;
				GCC_WARN_UNDECLARED_SELECTOR = YES;
				GCC_WARN_UNINITIALIZED_AUTOS = YES_AGGRESSIVE;
				GCC_WARN_UNUSED_FUNCTION = YES;
				GCC_WARN_UNUSED_VARIABLE = YES;
				IPHONEOS_DEPLOYMENT_TARGET = 10.3;
				MTL_ENABLE_DEBUG_INFO = YES;
				ONLY_ACTIVE_ARCH = YES;
				SDKROOT = iphoneos;
				SWIFT_ACTIVE_COMPILATION_CONDITIONS = DEBUG;
				SWIFT_OPTIMIZATION_LEVEL = "-Onone";
				TARGETED_DEVICE_FAMILY = "1,2";
			};
			name = Debug;
		};
		8FD973E31EAF0685001E618A /* Release */ = {
			isa = XCBuildConfiguration;
			buildSettings = {
				ALWAYS_SEARCH_USER_PATHS = NO;
				CLANG_ANALYZER_NONNULL = YES;
				CLANG_ANALYZER_NUMBER_OBJECT_CONVERSION = YES_AGGRESSIVE;
				CLANG_CXX_LANGUAGE_STANDARD = "gnu++0x";
				CLANG_CXX_LIBRARY = "libc++";
				CLANG_ENABLE_MODULES = YES;
				CLANG_ENABLE_OBJC_ARC = YES;
				CLANG_WARN_BOOL_CONVERSION = YES;
				CLANG_WARN_CONSTANT_CONVERSION = YES;
				CLANG_WARN_DIRECT_OBJC_ISA_USAGE = YES_ERROR;
				CLANG_WARN_DOCUMENTATION_COMMENTS = YES;
				CLANG_WARN_EMPTY_BODY = YES;
				CLANG_WARN_ENUM_CONVERSION = YES;
				CLANG_WARN_INFINITE_RECURSION = YES;
				CLANG_WARN_INT_CONVERSION = YES;
				CLANG_WARN_OBJC_ROOT_CLASS = YES_ERROR;
				CLANG_WARN_SUSPICIOUS_MOVE = YES;
				CLANG_WARN_UNREACHABLE_CODE = YES;
				CLANG_WARN__DUPLICATE_METHOD_MATCH = YES;
				"CODE_SIGN_IDENTITY[sdk=iphoneos*]" = "iPhone Developer";
				COPY_PHASE_STRIP = NO;
				DEBUG_INFORMATION_FORMAT = "dwarf-with-dsym";
				ENABLE_NS_ASSERTIONS = NO;
				ENABLE_STRICT_OBJC_MSGSEND = YES;
				GCC_C_LANGUAGE_STANDARD = gnu99;
				GCC_NO_COMMON_BLOCKS = YES;
				GCC_WARN_64_TO_32_BIT_CONVERSION = YES;
				GCC_WARN_ABOUT_RETURN_TYPE = YES_ERROR;
				GCC_WARN_UNDECLARED_SELECTOR = YES;
				GCC_WARN_UNINITIALIZED_AUTOS = YES_AGGRESSIVE;
				GCC_WARN_UNUSED_FUNCTION = YES;
				GCC_WARN_UNUSED_VARIABLE = YES;
				IPHONEOS_DEPLOYMENT_TARGET = 10.3;
				MTL_ENABLE_DEBUG_INFO = NO;
				SDKROOT = iphoneos;
				SWIFT_OPTIMIZATION_LEVEL = "-Owholemodule";
				TARGETED_DEVICE_FAMILY = "1,2";
				VALIDATE_PRODUCT = YES;
			};
			name = Release;
		};
		8FD973E51EAF0685001E618A /* Debug */ = {
			isa = XCBuildConfiguration;
			buildSettings = {
				ASSETCATALOG_COMPILER_APPICON_NAME = AppIcon;
				INFOPLIST_FILE = "LTNavigationBar-Demo/Info.plist";
				LD_RUNPATH_SEARCH_PATHS = "$(inherited) @executable_path/Frameworks";
				PRODUCT_BUNDLE_IDENTIFIER = "com.anirudhamahale.LTNavigationBar-Demo";
				PRODUCT_NAME = "$(TARGET_NAME)";
				SWIFT_VERSION = 3.0;
			};
			name = Debug;
		};
		8FD973E61EAF0685001E618A /* Release */ = {
			isa = XCBuildConfiguration;
			buildSettings = {
				ASSETCATALOG_COMPILER_APPICON_NAME = AppIcon;
				INFOPLIST_FILE = "LTNavigationBar-Demo/Info.plist";
				LD_RUNPATH_SEARCH_PATHS = "$(inherited) @executable_path/Frameworks";
				PRODUCT_BUNDLE_IDENTIFIER = "com.anirudhamahale.LTNavigationBar-Demo";
				PRODUCT_NAME = "$(TARGET_NAME)";
				SWIFT_VERSION = 3.0;
			};
			name = Release;
		};
/* End XCBuildConfiguration section */

/* Begin XCConfigurationList section */
		8FD973CD1EAF0685001E618A /* Build configuration list for PBXProject "LTNavigationBar-Demo" */ = {
			isa = XCConfigurationList;
			buildConfigurations = (
				8FD973E21EAF0685001E618A /* Debug */,
				8FD973E31EAF0685001E618A /* Release */,
			);
			defaultConfigurationIsVisible = 0;
			defaultConfigurationName = Release;
		};
		8FD973E41EAF0685001E618A /* Build configuration list for PBXNativeTarget "LTNavigationBar-Demo" */ = {
			isa = XCConfigurationList;
			buildConfigurations = (
				8FD973E51EAF0685001E618A /* Debug */,
				8FD973E61EAF0685001E618A /* Release */,
			);
			defaultConfigurationIsVisible = 0;
		};
/* End XCConfigurationList section */
	};
	rootObject = 8FD973CA1EAF0685001E618A /* Project object */;
}
